
Microsoft Visual Studio Solution File, Format Version 12.00
# Visual Studio Express 2013 for Web
VisualStudioVersion = 12.0.21005.1
MinimumVisualStudioVersion = 10.0.40219.1
Project("{FAE04EC0-301F-11D3-BF4B-00C04F79EFBC}") = "MvcMovie", "MvcMovie\MvcMovie.csproj", "{1F0D614C-488D-4722-86D8-347BC7BDE021}"
EndProject
Project("{FAE04EC0-301F-11D3-BF4B-00C04F79EFBC}") = "MvcMovie.Tests", "MvcMovie.Tests\MvcMovie.Tests.csproj", "{89FD4E08-7D08-4F30-B7E0-5D6744E71007}"
EndProject
Global
	GlobalSection(SolutionConfigurationPlatforms) = preSolution
		Debug|Any CPU = Debug|Any CPU
		Release|Any CPU = Release|Any CPU
	EndGlobalSection
	GlobalSection(ProjectConfigurationPlatforms) = postSolution
		{1F0D614C-488D-4722-86D8-347BC7BDE021}.Debug|Any CPU.ActiveCfg = Debug|Any CPU
		{1F0D614C-488D-4722-86D8-347BC7BDE021}.Debug|Any CPU.Build.0 = Debug|Any CPU
		{1F0D614C-488D-4722-86D8-347BC7BDE021}.Release|Any CPU.ActiveCfg = Release|Any CPU
		{1F0D614C-488D-4722-86D8-347BC7BDE021}.Release|Any CPU.Build.0 = Release|Any CPU
		{89FD4E08-7D08-4F30-B7E0-5D6744E71007}.Debug|Any CPU.ActiveCfg = Debug|Any CPU
		{89FD4E08-7D08-4F30-B7E0-5D6744E71007}.Debug|Any CPU.Build.0 = Debug|Any CPU
		{89FD4E08-7D08-4F30-B7E0-5D6744E71007}.Release|Any CPU.ActiveCfg = Release|Any CPU
		{89FD4E08-7D08-4F30-B7E0-5D6744E71007}.Release|Any CPU.Build.0 = Release|Any CPU
	EndGlobalSection
	GlobalSection(SolutionProperties) = preSolution
		HideSolutionNode = FALSE
	EndGlobalSection
EndGlobal
